
Microsoft Visual Studio Solution File, Format Version 12.00
# Visual Studio Version 16
VisualStudioVersion = 16.0.33529.622
MinimumVisualStudioVersion = 10.0.40219.1
Project("{FAE04EC0-301F-11D3-BF4B-00C04F79EFBC}") = "BiblioConnect", "BiblioConnect\BiblioConnect.csproj", "{A21C5138-9EFA-4195-B8B1-8C8AE0D5269C}"
EndProject
Global
	GlobalSection(SolutionConfigurationPlatforms) = preSolution
		Debug|Any CPU = Debug|Any CPU
		Release|Any CPU = Release|Any CPU
	EndGlobalSection
	GlobalSection(ProjectConfigurationPlatforms) = postSolution
		{A21C5138-9EFA-4195-B8B1-8C8AE0D5269C}.Debug|Any CPU.ActiveCfg = Debug|Any CPU
		{A21C5138-9EFA-4195-B8B1-8C8AE0D5269C}.Debug|Any CPU.Build.0 = Debug|Any CPU
		{A21C5138-9EFA-4195-B8B1-8C8AE0D5269C}.Release|Any CPU.ActiveCfg = Release|Any CPU
		{A21C5138-9EFA-4195-B8B1-8C8AE0D5269C}.Release|Any CPU.Build.0 = Release|Any CPU
	EndGlobalSection
	GlobalSection(SolutionProperties) = preSolution
		HideSolutionNode = FALSE
	EndGlobalSection
	GlobalSection(ExtensibilityGlobals) = postSolution
		SolutionGuid = {BF9C6DA3-A6CA-45B5-8040-49D14DCF7B9B}
	EndGlobalSection
EndGlobal
